github.com/deepmap/oapi-codegen v1.16.2 h1:xGHx0dNqYfy9gE8a7AVgVM8Sd5oF9SEgePzP+UPAUXI=
github.com/deepmap/oapi-codegen v1.16.2/go.mod h1:rdYoEA2GE+riuZ91DvpmBX9hJbQpuY9wchXpfQ3n+ho=
github.com/getkin/kin-openapi v0.123.0 h1:zIik0mRwFNLyvtXK274Q6ut+dPh6nlxBp0x7mNrPhs8=
github.com/getkin/kin-openapi v0.123.0/go.mod h1:wb1aSZA/iWmorQP9KTAS/phLj/t17B5jT7+fS8ed9NM=
github.com/gorilla/mux v1.8.1 h1:TuBL49tXwgrFYWhqrNgrUNEY92u81SPhu7sTdzQEiWY=
github.com/gorilla/mux v1.8.1/go.mod h1:AKf9I4AEqPTmMytcMc0KkNouC66V3BtZ4qD5fmWSiMQ=
